// !$*UTF8*$!
{
	archiveVersion = 1;
	classes = {
	};
	objectVersion = 55;
	objects = {

/* Begin PBXBuildFile section */
		334FCF7729842781000DF40F /* EventPresentationModel.swift in Sources */ = {isa = PBXBuildFile; fileRef = 334FCF7629842781000DF40F /* EventPresentationModel.swift */; };
		334FCF7B298427BE000DF40F /* LoginViewModel.swift in Sources */ = {isa = PBXBuildFile; fileRef = 334FCF7A298427BE000DF40F /* LoginViewModel.swift */; };
		334FCF7D29842813000DF40F /* RegisterViewModel.swift in Sources */ = {isa = PBXBuildFile; fileRef = 334FCF7C29842813000DF40F /* RegisterViewModel.swift */; };
		334FCF7F2984289C000DF40F /* AddEventViewModel.swift in Sources */ = {isa = PBXBuildFile; fileRef = 334FCF7E2984289C000DF40F /* AddEventViewModel.swift */; };
		334FCF8129842978000DF40F /* EventsView-ViewModel.swift in Sources */ = {isa = PBXBuildFile; fileRef = 334FCF8029842978000DF40F /* EventsView-ViewModel.swift */; };
		334FCF8429843A59000DF40F /* EventDetailView.swift in Sources */ = {isa = PBXBuildFile; fileRef = 334FCF8329843A59000DF40F /* EventDetailView.swift */; };
		33702CAC29772EBE006F564C /* AgendaApp.swift in Sources */ = {isa = PBXBuildFile; fileRef = 33702CAB29772EBE006F564C /* AgendaApp.swift */; };
		33702CB029772EC0006F564C /* Assets.xcassets in Resources */ = {isa = PBXBuildFile; fileRef = 33702CAF29772EC0006F564C /* Assets.xcassets */; };
		33702CB329772EC0006F564C /* Preview Assets.xcassets in Resources */ = {isa = PBXBuildFile; fileRef = 33702CB229772EC0006F564C /* Preview Assets.xcassets */; };
		33702CC129772F7F006F564C /* NetworkHelper.swift in Sources */ = {isa = PBXBuildFile; fileRef = 33702CC029772F7F006F564C /* NetworkHelper.swift */; };
		33702CC329772F95006F564C /* EventResponseModel.swift in Sources */ = {isa = PBXBuildFile; fileRef = 33702CC229772F95006F564C /* EventResponseModel.swift */; };
		33702CC929772FEC006F564C /* LoginView.swift in Sources */ = {isa = PBXBuildFile; fileRef = 33702CC829772FEC006F564C /* LoginView.swift */; };
		33702CCB29773009006F564C /* RegisterView.swift in Sources */ = {isa = PBXBuildFile; fileRef = 33702CCA29773009006F564C /* RegisterView.swift */; };
		33702CCD2977301A006F564C /* EventsView.swift in Sources */ = {isa = PBXBuildFile; fileRef = 33702CCC2977301A006F564C /* EventsView.swift */; };
		33702CCF29773039006F564C /* NewEventView.swift in Sources */ = {isa = PBXBuildFile; fileRef = 33702CCE29773039006F564C /* NewEventView.swift */; };
		33702CD12977305A006F564C /* AuthenticationHeaderView.swift in Sources */ = {isa = PBXBuildFile; fileRef = 33702CD02977305A006F564C /* AuthenticationHeaderView.swift */; };
		33702CD329773081006F564C /* RoundedShape.swift in Sources */ = {isa = PBXBuildFile; fileRef = 33702CD229773081006F564C /* RoundedShape.swift */; };
		33702CD529773098006F564C /* CustomTextField.swift in Sources */ = {isa = PBXBuildFile; fileRef = 33702CD429773098006F564C /* CustomTextField.swift */; };
/* End PBXBuildFile section */

/* Begin PBXFileReference section */
		334FCF7629842781000DF40F /* EventPresentationModel.swift */ = {isa = PBXFileReference; lastKnownFileType = sourcecode.swift; path = EventPresentationModel.swift; sourceTree = "<group>"; };
		334FCF7A298427BE000DF40F /* LoginViewModel.swift */ = {isa = PBXFileReference; lastKnownFileType = sourcecode.swift; path = LoginViewModel.swift; sourceTree = "<group>"; };
		334FCF7C29842813000DF40F /* RegisterViewModel.swift */ = {isa = PBXFileReference; lastKnownFileType = sourcecode.swift; path = RegisterViewModel.swift; sourceTree = "<group>"; };
		334FCF7E2984289C000DF40F /* AddEventViewModel.swift */ = {isa = PBXFileReference; lastKnownFileType = sourcecode.swift; path = AddEventViewModel.swift; sourceTree = "<group>"; };
		334FCF8029842978000DF40F /* EventsView-ViewModel.swift */ = {isa = PBXFileReference; lastKnownFileType = sourcecode.swift; path = "EventsView-ViewModel.swift"; sourceTree = "<group>"; };
		334FCF8329843A59000DF40F /* EventDetailView.swift */ = {isa = PBXFileReference; lastKnownFileType = sourcecode.swift; path = EventDetailView.swift; sourceTree = "<group>"; };
		33702CA829772EBE006F564C /* Agenda.app */ = {isa = PBXFileReference; explicitFileType = wrapper.application; includeInIndex = 0; path = Agenda.app; sourceTree = BUILT_PRODUCTS_DIR; };
		33702CAB29772EBE006F564C /* AgendaApp.swift */ = {isa = PBXFileReference; lastKnownFileType = sourcecode.swift; path = AgendaApp.swift; sourceTree = "<group>"; };
		33702CAF29772EC0006F564C /* Assets.xcassets */ = {isa = PBXFileReference; lastKnownFileType = folder.assetcatalog; path = Assets.xcassets; sourceTree = "<group>"; };
		33702CB229772EC0006F564C /* Preview Assets.xcassets */ = {isa = PBXFileReference; lastKnownFileType = folder.assetcatalog; path = "Preview Assets.xcassets"; sourceTree = "<group>"; };
		33702CC029772F7F006F564C /* NetworkHelper.swift */ = {isa = PBXFileReference; lastKnownFileType = sourcecode.swift; path = NetworkHelper.swift; sourceTree = "<group>"; };
		33702CC229772F95006F564C /* EventResponseModel.swift */ = {isa = PBXFileReference; lastKnownFileType = sourcecode.swift; path = EventResponseModel.swift; sourceTree = "<group>"; };
		33702CC829772FEC006F564C /* LoginView.swift */ = {isa = PBXFileReference; lastKnownFileType = sourcecode.swift; path = LoginView.swift; sourceTree = "<group>"; };
		33702CCA29773009006F564C /* RegisterView.swift */ = {isa = PBXFileReference; lastKnownFileType = sourcecode.swift; path = RegisterView.swift; sourceTree = "<group>"; };
		33702CCC2977301A006F564C /* EventsView.swift */ = {isa = PBXFileReference; lastKnownFileType = sourcecode.swift; path = EventsView.swift; sourceTree = "<group>"; };
		33702CCE29773039006F564C /* NewEventView.swift */ = {isa = PBXFileReference; lastKnownFileType = sourcecode.swift; path = NewEventView.swift; sourceTree = "<group>"; };
		33702CD02977305A006F564C /* AuthenticationHeaderView.swift */ = {isa = PBXFileReference; lastKnownFileType = sourcecode.swift; path = AuthenticationHeaderView.swift; sourceTree = "<group>"; };
		33702CD229773081006F564C /* RoundedShape.swift */ = {isa = PBXFileReference; lastKnownFileType = sourcecode.swift; path = RoundedShape.swift; sourceTree = "<group>"; };
		33702CD429773098006F564C /* CustomTextField.swift */ = {isa = PBXFileReference; lastKnownFileType = sourcecode.swift; path = CustomTextField.swift; sourceTree = "<group>"; };
/* End PBXFileReference section */

/* Begin PBXFrameworksBuildPhase section */
		33702CA529772EBE006F564C /* Frameworks */ = {
			isa = PBXFrameworksBuildPhase;
			buildActionMask = 2147483647;
			files = (
			);
			runOnlyForDeploymentPostprocessing = 0;
		};
/* End PBXFrameworksBuildPhase section */

/* Begin PBXGroup section */
		334FCF69298426B5000DF40F /* Login */ = {
			isa = PBXGroup;
			children = (
				33702CBE29772F6C006F564C /* ViewModel */,
				33702CBD29772F65006F564C /* View */,
			);
			path = Login;
			sourceTree = "<group>";
		};
		334FCF6A298426C7000DF40F /* Domain */ = {
			isa = PBXGroup;
			children = (
			);
			path = Domain;
			sourceTree = "<group>";
		};
		334FCF6B298426D6000DF40F /* Register */ = {
			isa = PBXGroup;
			children = (
				334FCF7429842741000DF40F /* ViewModel */,
				334FCF732984273A000DF40F /* View */,
			);
			path = Register;
			sourceTree = "<group>";
		};
		334FCF6C298426DD000DF40F /* NewEvent */ = {
			isa = PBXGroup;
			children = (
				334FCF7129842715000DF40F /* ViewModel */,
				334FCF7029842711000DF40F /* View */,
			);
			path = NewEvent;
			sourceTree = "<group>";
		};
		334FCF6D298426E3000DF40F /* EventsList */ = {
			isa = PBXGroup;
			children = (
				334FCF6F2984270B000DF40F /* ViewModel */,
				334FCF6E298426FF000DF40F /* View */,
			);
			path = EventsList;
			sourceTree = "<group>";
		};
		334FCF6E298426FF000DF40F /* View */ = {
			isa = PBXGroup;
			children = (
				33702CCC2977301A006F564C /* EventsView.swift */,
			);
			path = View;
			sourceTree = "<group>";
		};
		334FCF6F2984270B000DF40F /* ViewModel */ = {
			isa = PBXGroup;
			children = (
				334FCF8029842978000DF40F /* EventsView-ViewModel.swift */,
			);
			path = ViewModel;
			sourceTree = "<group>";
		};
		334FCF7029842711000DF40F /* View */ = {
			isa = PBXGroup;
			children = (
				33702CCE29773039006F564C /* NewEventView.swift */,
			);
			path = View;
			sourceTree = "<group>";
		};
		334FCF7129842715000DF40F /* ViewModel */ = {
			isa = PBXGroup;
			children = (
				334FCF7E2984289C000DF40F /* AddEventViewModel.swift */,
			);
			path = ViewModel;
			sourceTree = "<group>";
		};
		334FCF732984273A000DF40F /* View */ = {
			isa = PBXGroup;
			children = (
				33702CCA29773009006F564C /* RegisterView.swift */,
			);
			path = View;
			sourceTree = "<group>";
		};
		334FCF7429842741000DF40F /* ViewModel */ = {
			isa = PBXGroup;
			children = (
				334FCF7C29842813000DF40F /* RegisterViewModel.swift */,
			);
			path = ViewModel;
			sourceTree = "<group>";
		};
		334FCF752984275E000DF40F /* Model */ = {
			isa = PBXGroup;
			children = (
				334FCF7629842781000DF40F /* EventPresentationModel.swift */,
			);
			path = Model;
			sourceTree = "<group>";
		};
		334FCF8229843A44000DF40F /* EventDetail */ = {
			isa = PBXGroup;
			children = (
				334FCF8529843B53000DF40F /* View */,
			);
			path = EventDetail;
			sourceTree = "<group>";
		};
		334FCF8529843B53000DF40F /* View */ = {
			isa = PBXGroup;
			children = (
				334FCF8329843A59000DF40F /* EventDetailView.swift */,
			);
			path = View;
			sourceTree = "<group>";
		};
		33702C9F29772EBE006F564C = {
			isa = PBXGroup;
			children = (
				33702CAA29772EBE006F564C /* Agenda */,
				33702CA929772EBE006F564C /* Products */,
			);
			sourceTree = "<group>";
		};
		33702CA929772EBE006F564C /* Products */ = {
			isa = PBXGroup;
			children = (
				33702CA829772EBE006F564C /* Agenda.app */,
			);
			name = Products;
			sourceTree = "<group>";
		};
		33702CAA29772EBE006F564C /* Agenda */ = {
			isa = PBXGroup;
			children = (
				334FCF6A298426C7000DF40F /* Domain */,
				33702CBC29772F5E006F564C /* Presentation */,
				33702CBA29772F36006F564C /* Data */,
				33702CB929772F27006F564C /* Components */,
				33702CAB29772EBE006F564C /* AgendaApp.swift */,
				33702CAF29772EC0006F564C /* Assets.xcassets */,
				33702CB129772EC0006F564C /* Preview Content */,
			);
			path = Agenda;
			sourceTree = "<group>";
		};
		33702CB129772EC0006F564C /* Preview Content */ = {
			isa = PBXGroup;
			children = (
				33702CB229772EC0006F564C /* Preview Assets.xcassets */,
			);
			path = "Preview Content";
			sourceTree = "<group>";
		};
		33702CB929772F27006F564C /* Components */ = {
			isa = PBXGroup;
			children = (
				33702CD02977305A006F564C /* AuthenticationHeaderView.swift */,
				33702CD229773081006F564C /* RoundedShape.swift */,
				33702CD429773098006F564C /* CustomTextField.swift */,
			);
			path = Components;
			sourceTree = "<group>";
		};
		33702CBA29772F36006F564C /* Data */ = {
			isa = PBXGroup;
			children = (
				33702CBF29772F73006F564C /* Model */,
				33702CC029772F7F006F564C /* NetworkHelper.swift */,
			);
			path = Data;
			sourceTree = "<group>";
		};
		33702CBC29772F5E006F564C /* Presentation */ = {
			isa = PBXGroup;
			children = (
				334FCF752984275E000DF40F /* Model */,
				334FCF8229843A44000DF40F /* EventDetail */,
				334FCF6D298426E3000DF40F /* EventsList */,
				334FCF6C298426DD000DF40F /* NewEvent */,
				334FCF6B298426D6000DF40F /* Register */,
				334FCF69298426B5000DF40F /* Login */,
			);
			path = Presentation;
			sourceTree = "<group>";
		};
		33702CBD29772F65006F564C /* View */ = {
			isa = PBXGroup;
			children = (
				33702CC829772FEC006F564C /* LoginView.swift */,
			);
			path = View;
			sourceTree = "<group>";
		};
		33702CBE29772F6C006F564C /* ViewModel */ = {
			isa = PBXGroup;
			children = (
				334FCF7A298427BE000DF40F /* LoginViewModel.swift */,
			);
			path = ViewModel;
			sourceTree = "<group>";
		};
		33702CBF29772F73006F564C /* Model */ = {
			isa = PBXGroup;
			children = (
				33702CC229772F95006F564C /* EventResponseModel.swift */,
			);
			path = Model;
			sourceTree = "<group>";
		};
/* End PBXGroup section */

/* Begin PBXNativeTarget section */
		33702CA729772EBE006F564C /* Agenda */ = {
			isa = PBXNativeTarget;
			buildConfigurationList = 33702CB629772EC0006F564C /* Build configuration list for PBXNativeTarget "Agenda" */;
			buildPhases = (
				33702CA429772EBE006F564C /* Sources */,
				33702CA529772EBE006F564C /* Frameworks */,
				33702CA629772EBE006F564C /* Resources */,
			);
			buildRules = (
			);
			dependencies = (
			);
			name = Agenda;
			productName = Agenda;
			productReference = 33702CA829772EBE006F564C /* Agenda.app */;
			productType = "com.apple.product-type.application";
		};
/* End PBXNativeTarget section */

/* Begin PBXProject section */
		33702CA029772EBE006F564C /* Project object */ = {
			isa = PBXProject;
			attributes = {
				BuildIndependentTargetsInParallel = 1;
				LastSwiftUpdateCheck = 1340;
				LastUpgradeCheck = 1340;
				TargetAttributes = {
					33702CA729772EBE006F564C = {
						CreatedOnToolsVersion = 13.4.1;
					};
				};
			};
			buildConfigurationList = 33702CA329772EBE006F564C /* Build configuration list for PBXProject "Agenda" */;
			compatibilityVersion = "Xcode 13.0";
			developmentRegion = en;
			hasScannedForEncodings = 0;
			knownRegions = (
				en,
				Base,
			);
			mainGroup = 33702C9F29772EBE006F564C;
			productRefGroup = 33702CA929772EBE006F564C /* Products */;
			projectDirPath = "";
			projectRoot = "";
			targets = (
				33702CA729772EBE006F564C /* Agenda */,
			);
		};
/* End PBXProject section */

/* Begin PBXResourcesBuildPhase section */
		33702CA629772EBE006F564C /* Resources */ = {
			isa = PBXResourcesBuildPhase;
			buildActionMask = 2147483647;
			files = (
				33702CB329772EC0006F564C /* Preview Assets.xcassets in Resources */,
				33702CB029772EC0006F564C /* Assets.xcassets in Resources */,
			);
			runOnlyForDeploymentPostprocessing = 0;
		};
/* End PBXResourcesBuildPhase section */

/* Begin PBXSourcesBuildPhase section */
		33702CA429772EBE006F564C /* Sources */ = {
			isa = PBXSourcesBuildPhase;
			buildActionMask = 2147483647;
			files = (
				334FCF8429843A59000DF40F /* EventDetailView.swift in Sources */,
				33702CD529773098006F564C /* CustomTextField.swift in Sources */,
				334FCF7D29842813000DF40F /* RegisterViewModel.swift in Sources */,
				334FCF7729842781000DF40F /* EventPresentationModel.swift in Sources */,
				33702CC329772F95006F564C /* EventResponseModel.swift in Sources */,
				33702CC929772FEC006F564C /* LoginView.swift in Sources */,
				334FCF7F2984289C000DF40F /* AddEventViewModel.swift in Sources */,
				334FCF8129842978000DF40F /* EventsView-ViewModel.swift in Sources */,
				334FCF7B298427BE000DF40F /* LoginViewModel.swift in Sources */,
				33702CCB29773009006F564C /* RegisterView.swift in Sources */,
				33702CC129772F7F006F564C /* NetworkHelper.swift in Sources */,
				33702CD12977305A006F564C /* AuthenticationHeaderView.swift in Sources */,
				33702CAC29772EBE006F564C /* AgendaApp.swift in Sources */,
				33702CCF29773039006F564C /* NewEventView.swift in Sources */,
				33702CCD2977301A006F564C /* EventsView.swift in Sources */,
				33702CD329773081006F564C /* RoundedShape.swift in Sources */,
			);
			runOnlyForDeploymentPostprocessing = 0;
		};
/* End PBXSourcesBuildPhase section */

/* Begin XCBuildConfiguration section */
		33702CB429772EC0006F564C /* Debug */ = {
			isa = XCBuildConfiguration;
			buildSettings = {
				ALWAYS_SEARCH_USER_PATHS = NO;
				CLANG_ANALYZER_NONNULL = YES;
				CLANG_ANALYZER_NUMBER_OBJECT_CONVERSION = YES_AGGRESSIVE;
				CLANG_CXX_LANGUAGE_STANDARD = "gnu++17";
				CLANG_ENABLE_MODULES = YES;
				CLANG_ENABLE_OBJC_ARC = YES;
				CLANG_ENABLE_OBJC_WEAK = YES;
				CLANG_WARN_BLOCK_CAPTURE_AUTORELEASING = YES;
				CLANG_WARN_BOOL_CONVERSION = YES;
				CLANG_WARN_COMMA = YES;
				CLANG_WARN_CONSTANT_CONVERSION = YES;
				CLANG_WARN_DEPRECATED_OBJC_IMPLEMENTATIONS = YES;
				CLANG_WARN_DIRECT_OBJC_ISA_USAGE = YES_ERROR;
				CLANG_WARN_DOCUMENTATION_COMMENTS = YES;
				CLANG_WARN_EMPTY_BODY = YES;
				CLANG_WARN_ENUM_CONVERSION = YES;
				CLANG_WARN_INFINITE_RECURSION = YES;
				CLANG_WARN_INT_CONVERSION = YES;
				CLANG_WARN_NON_LITERAL_NULL_CONVERSION = YES;
				CLANG_WARN_OBJC_IMPLICIT_RETAIN_SELF = YES;
				CLANG_WARN_OBJC_LITERAL_CONVERSION = YES;
				CLANG_WARN_OBJC_ROOT_CLASS = YES_ERROR;
				CLANG_WARN_QUOTED_INCLUDE_IN_FRAMEWORK_HEADER = YES;
				CLANG_WARN_RANGE_LOOP_ANALYSIS = YES;
				CLANG_WARN_STRICT_PROTOTYPES = YES;
				CLANG_WARN_SUSPICIOUS_MOVE = YES;
				CLANG_WARN_UNGUARDED_AVAILABILITY = YES_AGGRESSIVE;
				CLANG_WARN_UNREACHABLE_CODE = YES;
				CLANG_WARN__DUPLICATE_METHOD_MATCH = YES;
				COPY_PHASE_STRIP = NO;
				DEBUG_INFORMATION_FORMAT = dwarf;
				ENABLE_STRICT_OBJC_MSGSEND = YES;
				ENABLE_TESTABILITY = YES;
				GCC_C_LANGUAGE_STANDARD = gnu11;
				GCC_DYNAMIC_NO_PIC = NO;
				GCC_NO_COMMON_BLOCKS = YES;
				GCC_OPTIMIZATION_LEVEL = 0;
				GCC_PREPROCESSOR_DEFINITIONS = (
					"DEBUG=1",
					"$(inherited)",
				);
				GCC_WARN_64_TO_32_BIT_CONVERSION = YES;
				GCC_WARN_ABOUT_RETURN_TYPE = YES_ERROR;
				GCC_WARN_UNDECLARED_SELECTOR = YES;
				GCC_WARN_UNINITIALIZED_AUTOS = YES_AGGRESSIVE;
				GCC_WARN_UNUSED_FUNCTION = YES;
				GCC_WARN_UNUSED_VARIABLE = YES;
				IPHONEOS_DEPLOYMENT_TARGET = 15.5;
				MTL_ENABLE_DEBUG_INFO = INCLUDE_SOURCE;
				MTL_FAST_MATH = YES;
				ONLY_ACTIVE_ARCH = YES;
				SDKROOT = iphoneos;
				SWIFT_ACTIVE_COMPILATION_CONDITIONS = DEBUG;
				SWIFT_OPTIMIZATION_LEVEL = "-Onone";
			};
			name = Debug;
		};
		33702CB529772EC0006F564C /* Release */ = {
			isa = XCBuildConfiguration;
			buildSettings = {
				ALWAYS_SEARCH_USER_PATHS = NO;
				CLANG_ANALYZER_NONNULL = YES;
				CLANG_ANALYZER_NUMBER_OBJECT_CONVERSION = YES_AGGRESSIVE;
				CLANG_CXX_LANGUAGE_STANDARD = "gnu++17";
				CLANG_ENABLE_MODULES = YES;
				CLANG_ENABLE_OBJC_ARC = YES;
				CLANG_ENABLE_OBJC_WEAK = YES;
				CLANG_WARN_BLOCK_CAPTURE_AUTORELEASING = YES;
				CLANG_WARN_BOOL_CONVERSION = YES;
				CLANG_WARN_COMMA = YES;
				CLANG_WARN_CONSTANT_CONVERSION = YES;
				CLANG_WARN_DEPRECATED_OBJC_IMPLEMENTATIONS = YES;
				CLANG_WARN_DIRECT_OBJC_ISA_USAGE = YES_ERROR;
				CLANG_WARN_DOCUMENTATION_COMMENTS = YES;
				CLANG_WARN_EMPTY_BODY = YES;
				CLANG_WARN_ENUM_CONVERSION = YES;
				CLANG_WARN_INFINITE_RECURSION = YES;
				CLANG_WARN_INT_CONVERSION = YES;
				CLANG_WARN_NON_LITERAL_NULL_CONVERSION = YES;
				CLANG_WARN_OBJC_IMPLICIT_RETAIN_SELF = YES;
				CLANG_WARN_OBJC_LITERAL_CONVERSION = YES;
				CLANG_WARN_OBJC_ROOT_CLASS = YES_ERROR;
				CLANG_WARN_QUOTED_INCLUDE_IN_FRAMEWORK_HEADER = YES;
				CLANG_WARN_RANGE_LOOP_ANALYSIS = YES;
				CLANG_WARN_STRICT_PROTOTYPES = YES;
				CLANG_WARN_SUSPICIOUS_MOVE = YES;
				CLANG_WARN_UNGUARDED_AVAILABILITY = YES_AGGRESSIVE;
				CLANG_WARN_UNREACHABLE_CODE = YES;
				CLANG_WARN__DUPLICATE_METHOD_MATCH = YES;
				COPY_PHASE_STRIP = NO;
				DEBUG_INFORMATION_FORMAT = "dwarf-with-dsym";
				ENABLE_NS_ASSERTIONS = NO;
				ENABLE_STRICT_OBJC_MSGSEND = YES;
				GCC_C_LANGUAGE_STANDARD = gnu11;
				GCC_NO_COMMON_BLOCKS = YES;
				GCC_WARN_64_TO_32_BIT_CONVERSION = YES;
				GCC_WARN_ABOUT_RETURN_TYPE = YES_ERROR;
				GCC_WARN_UNDECLARED_SELECTOR = YES;
				GCC_WARN_UNINITIALIZED_AUTOS = YES_AGGRESSIVE;
				GCC_WARN_UNUSED_FUNCTION = YES;
				GCC_WARN_UNUSED_VARIABLE = YES;
				IPHONEOS_DEPLOYMENT_TARGET = 15.5;
				MTL_ENABLE_DEBUG_INFO = NO;
				MTL_FAST_MATH = YES;
				SDKROOT = iphoneos;
				SWIFT_COMPILATION_MODE = wholemodule;
				SWIFT_OPTIMIZATION_LEVEL = "-O";
				VALIDATE_PRODUCT = YES;
			};
			name = Release;
		};
		33702CB729772EC0006F564C /* Debug */ = {
			isa = XCBuildConfiguration;
			buildSettings = {
				ASSETCATALOG_COMPILER_APPICON_NAME = AppIcon;
				ASSETCATALOG_COMPILER_GLOBAL_ACCENT_COLOR_NAME = AccentColor;
				CODE_SIGN_STYLE = Automatic;
				CURRENT_PROJECT_VERSION = 1;
				DEVELOPMENT_ASSET_PATHS = "\"Agenda/Preview Content\"";
				ENABLE_PREVIEWS = YES;
				GENERATE_INFOPLIST_FILE = YES;
				INFOPLIST_KEY_UIApplicationSceneManifest_Generation = YES;
				INFOPLIST_KEY_UIApplicationSupportsIndirectInputEvents = YES;
				INFOPLIST_KEY_UILaunchScreen_Generation = YES;
				INFOPLIST_KEY_UISupportedInterfaceOrientations_iPad = "UIInterfaceOrientationPortrait UIInterfaceOrientationPortraitUpsideDown UIInterfaceOrientationLandscapeLeft UIInterfaceOrientationLandscapeRight";
				INFOPLIST_KEY_UISupportedInterfaceOrientations_iPhone = "UIInterfaceOrientationPortrait UIInterfaceOrientationLandscapeLeft UIInterfaceOrientationLandscapeRight";
				LD_RUNPATH_SEARCH_PATHS = (
					"$(inherited)",
					"@executable_path/Frameworks",
				);
				MARKETING_VERSION = 1.0;
				PRODUCT_BUNDLE_IDENTIFIER = andres.com.Agenda;
				PRODUCT_NAME = "$(TARGET_NAME)";
				SWIFT_EMIT_LOC_STRINGS = YES;
				SWIFT_VERSION = 5.0;
				TARGETED_DEVICE_FAMILY = "1,2";
			};
			name = Debug;
		};
		33702CB829772EC0006F564C /* Release */ = {
			isa = XCBuildConfiguration;
			buildSettings = {
				ASSETCATALOG_COMPILER_APPICON_NAME = AppIcon;
				ASSETCATALOG_COMPILER_GLOBAL_ACCENT_COLOR_NAME = AccentColor;
				CODE_SIGN_STYLE = Automatic;
				CURRENT_PROJECT_VERSION = 1;
				DEVELOPMENT_ASSET_PATHS = "\"Agenda/Preview Content\"";
				ENABLE_PREVIEWS = YES;
				GENERATE_INFOPLIST_FILE = YES;
				INFOPLIST_KEY_UIApplicationSceneManifest_Generation = YES;
				INFOPLIST_KEY_UIApplicationSupportsIndirectInputEvents = YES;
				INFOPLIST_KEY_UILaunchScreen_Generation = YES;
				INFOPLIST_KEY_UISupportedInterfaceOrientations_iPad = "UIInterfaceOrientationPortrait UIInterfaceOrientationPortraitUpsideDown UIInterfaceOrientationLandscapeLeft UIInterfaceOrientationLandscapeRight";
				INFOPLIST_KEY_UISupportedInterfaceOrientations_iPhone = "UIInterfaceOrientationPortrait UIInterfaceOrientationLandscapeLeft UIInterfaceOrientationLandscapeRight";
				LD_RUNPATH_SEARCH_PATHS = (
					"$(inherited)",
					"@executable_path/Frameworks",
				);
				MARKETING_VERSION = 1.0;
				PRODUCT_BUNDLE_IDENTIFIER = andres.com.Agenda;
				PRODUCT_NAME = "$(TARGET_NAME)";
				SWIFT_EMIT_LOC_STRINGS = YES;
				SWIFT_VERSION = 5.0;
				TARGETED_DEVICE_FAMILY = "1,2";
			};
			name = Release;
		};
/* End XCBuildConfiguration section */

/* Begin XCConfigurationList section */
		33702CA329772EBE006F564C /* Build configuration list for PBXProject "Agenda" */ = {
			isa = XCConfigurationList;
			buildConfigurations = (
				33702CB429772EC0006F564C /* Debug */,
				33702CB529772EC0006F564C /* Release */,
			);
			defaultConfigurationIsVisible = 0;
			defaultConfigurationName = Release;
		};
		33702CB629772EC0006F564C /* Build configuration list for PBXNativeTarget "Agenda" */ = {
			isa = XCConfigurationList;
			buildConfigurations = (
				33702CB729772EC0006F564C /* Debug */,
				33702CB829772EC0006F564C /* Release */,
			);
			defaultConfigurationIsVisible = 0;
			defaultConfigurationName = Release;
		};
/* End XCConfigurationList section */
	};
	rootObject = 33702CA029772EBE006F564C /* Project object */;
}
